
Microsoft Visual Studio Solution File, Format Version 12.00
# Visual Studio 15
VisualStudioVersion = 15.0.28010.2036
MinimumVisualStudioVersion = 10.0.40219.1
Project("{8BC9CEB8-8B4A-11D0-8D11-00A0C91BC942}") = "DigitalImageProcessing", "DigitalImageProcessing\DigitalImageProcessing.vcxproj", "{435A24E1-DAAF-4D59-A330-7ECEB6AB54F4}"
EndProject
Project("{8BC9CEB8-8B4A-11D0-8D11-00A0C91BC942}") = "Exercise1", "Exercise1\Exercise1.vcxproj", "{AE60BF6B-13F1-4913-B02D-1E0F5679180C}"
EndProject
Project("{8BC9CEB8-8B4A-11D0-8D11-00A0C91BC942}") = "Exercise2", "Exercise2\Exercise2.vcxproj", "{C734C65D-9F7F-4649-A722-010CD7FB243F}"
EndProject
Project("{8BC9CEB8-8B4A-11D0-8D11-00A0C91BC942}") = "Exercise3", "Exercise3\Exercise3.vcxproj", "{EC4C7545-CA40-495C-9268-83F68D7CF686}"
EndProject
Project("{8BC9CEB8-8B4A-11D0-8D11-00A0C91BC942}") = "Exercise4", "Exercise4\Exercise4.vcxproj", "{44053FAF-3B7C-40E3-B1DC-884D2FB3040E}"
EndProject
Project("{8BC9CEB8-8B4A-11D0-8D11-00A0C91BC942}") = "Exercise5", "Exercise5\Exercise5.vcxproj", "{55BFCEE4-2D77-4C94-87EE-C1658A86129E}"
EndProject
Project("{8BC9CEB8-8B4A-11D0-8D11-00A0C91BC942}") = "Exercise6", "Exercise6\Exercise6.vcxproj", "{CF7B2715-418F-4FAC-B137-81C4C968622D}"
EndProject
Project("{8BC9CEB8-8B4A-11D0-8D11-00A0C91BC942}") = "Exercise7", "Exercise7\Exercise7.vcxproj", "{D597E9C6-D1F8-43F4-BBA2-25E1FB563D5C}"
EndProject
Project("{8BC9CEB8-8B4A-11D0-8D11-00A0C91BC942}") = "Exercise8", "Exercise8\Exercise8.vcxproj", "{EE4CC73A-3AC8-4491-9C2B-C1DB8719308C}"
EndProject
Project("{8BC9CEB8-8B4A-11D0-8D11-00A0C91BC942}") = "Exercise9", "Exercise9\Exercise9.vcxproj", "{FCD65360-4124-4CE6-A5A5-28BE6EDD26B0}"
EndProject
Global
	GlobalSection(SolutionConfigurationPlatforms) = preSolution
		Debug|x64 = Debug|x64
		Debug|x86 = Debug|x86
		Release|x64 = Release|x64
		Release|x86 = Release|x86
	EndGlobalSection
	GlobalSection(ProjectConfigurationPlatforms) = postSolution
		{435A24E1-DAAF-4D59-A330-7ECEB6AB54F4}.Debug|x64.ActiveCfg = Debug|x64
		{435A24E1-DAAF-4D59-A330-7ECEB6AB54F4}.Debug|x64.Build.0 = Debug|x64
		{435A24E1-DAAF-4D59-A330-7ECEB6AB54F4}.Debug|x86.ActiveCfg = Debug|Win32
		{435A24E1-DAAF-4D59-A330-7ECEB6AB54F4}.Debug|x86.Build.0 = Debug|Win32
		{435A24E1-DAAF-4D59-A330-7ECEB6AB54F4}.Release|x64.ActiveCfg = Release|x64
		{435A24E1-DAAF-4D59-A330-7ECEB6AB54F4}.Release|x64.Build.0 = Release|x64
		{435A24E1-DAAF-4D59-A330-7ECEB6AB54F4}.Release|x86.ActiveCfg = Release|Win32
		{435A24E1-DAAF-4D59-A330-7ECEB6AB54F4}.Release|x86.Build.0 = Release|Win32
		{AE60BF6B-13F1-4913-B02D-1E0F5679180C}.Debug|x64.ActiveCfg = Debug|x64
		{AE60BF6B-13F1-4913-B02D-1E0F5679180C}.Debug|x64.Build.0 = Debug|x64
		{AE60BF6B-13F1-4913-B02D-1E0F5679180C}.Debug|x86.ActiveCfg = Debug|Win32
		{AE60BF6B-13F1-4913-B02D-1E0F5679180C}.Debug|x86.Build.0 = Debug|Win32
		{AE60BF6B-13F1-4913-B02D-1E0F5679180C}.Release|x64.ActiveCfg = Release|x64
		{AE60BF6B-13F1-4913-B02D-1E0F5679180C}.Release|x64.Build.0 = Release|x64
		{AE60BF6B-13F1-4913-B02D-1E0F5679180C}.Release|x86.ActiveCfg = Release|Win32
		{AE60BF6B-13F1-4913-B02D-1E0F5679180C}.Release|x86.Build.0 = Release|Win32
		{C734C65D-9F7F-4649-A722-010CD7FB243F}.Debug|x64.ActiveCfg = Debug|x64
		{C734C65D-9F7F-4649-A722-010CD7FB243F}.Debug|x64.Build.0 = Debug|x64
		{C734C65D-9F7F-4649-A722-010CD7FB243F}.Debug|x86.ActiveCfg = Debug|Win32
		{C734C65D-9F7F-4649-A722-010CD7FB243F}.Debug|x86.Build.0 = Debug|Win32
		{C734C65D-9F7F-4649-A722-010CD7FB243F}.Release|x64.ActiveCfg = Release|x64
		{C734C65D-9F7F-4649-A722-010CD7FB243F}.Release|x64.Build.0 = Release|x64
		{C734C65D-9F7F-4649-A722-010CD7FB243F}.Release|x86.ActiveCfg = Release|Win32
		{C734C65D-9F7F-4649-A722-010CD7FB243F}.Release|x86.Build.0 = Release|Win32
		{EC4C7545-CA40-495C-9268-83F68D7CF686}.Debug|x64.ActiveCfg = Debug|x64
		{EC4C7545-CA40-495C-9268-83F68D7CF686}.Debug|x64.Build.0 = Debug|x64
		{EC4C7545-CA40-495C-9268-83F68D7CF686}.Debug|x86.ActiveCfg = Debug|Win32
		{EC4C7545-CA40-495C-9268-83F68D7CF686}.Debug|x86.Build.0 = Debug|Win32
		{EC4C7545-CA40-495C-9268-83F68D7CF686}.Release|x64.ActiveCfg = Release|x64
		{EC4C7545-CA40-495C-9268-83F68D7CF686}.Release|x64.Build.0 = Release|x64
		{EC4C7545-CA40-495C-9268-83F68D7CF686}.Release|x86.ActiveCfg = Release|Win32
		{EC4C7545-CA40-495C-9268-83F68D7CF686}.Release|x86.Build.0 = Release|Win32
		{44053FAF-3B7C-40E3-B1DC-884D2FB3040E}.Debug|x64.ActiveCfg = Debug|x64
		{44053FAF-3B7C-40E3-B1DC-884D2FB3040E}.Debug|x64.Build.0 = Debug|x64
		{44053FAF-3B7C-40E3-B1DC-884D2FB3040E}.Debug|x86.ActiveCfg = Debug|Win32
		{44053FAF-3B7C-40E3-B1DC-884D2FB3040E}.Debug|x86.Build.0 = Debug|Win32
		{44053FAF-3B7C-40E3-B1DC-884D2FB3040E}.Release|x64.ActiveCfg = Release|x64
		{44053FAF-3B7C-40E3-B1DC-884D2FB3040E}.Release|x64.Build.0 = Release|x64
		{44053FAF-3B7C-40E3-B1DC-884D2FB3040E}.Release|x86.ActiveCfg = Release|Win32
		{44053FAF-3B7C-40E3-B1DC-884D2FB3040E}.Release|x86.Build.0 = Release|Win32
		{55BFCEE4-2D77-4C94-87EE-C1658A86129E}.Debug|x64.ActiveCfg = Debug|x64
		{55BFCEE4-2D77-4C94-87EE-C1658A86129E}.Debug|x64.Build.0 = Debug|x64
		{55BFCEE4-2D77-4C94-87EE-C1658A86129E}.Debug|x86.ActiveCfg = Debug|Win32
		{55BFCEE4-2D77-4C94-87EE-C1658A86129E}.Debug|x86.Build.0 = Debug|Win32
		{55BFCEE4-2D77-4C94-87EE-C1658A86129E}.Release|x64.ActiveCfg = Release|x64
		{55BFCEE4-2D77-4C94-87EE-C1658A86129E}.Release|x64.Build.0 = Release|x64
		{55BFCEE4-2D77-4C94-87EE-C1658A86129E}.Release|x86.ActiveCfg = Release|Win32
		{55BFCEE4-2D77-4C94-87EE-C1658A86129E}.Release|x86.Build.0 = Release|Win32
		{CF7B2715-418F-4FAC-B137-81C4C968622D}.Debug|x64.ActiveCfg = Debug|x64
		{CF7B2715-418F-4FAC-B137-81C4C968622D}.Debug|x64.Build.0 = Debug|x64
		{CF7B2715-418F-4FAC-B137-81C4C968622D}.Debug|x86.ActiveCfg = Debug|Win32
		{CF7B2715-418F-4FAC-B137-81C4C968622D}.Debug|x86.Build.0 = Debug|Win32
		{CF7B2715-418F-4FAC-B137-81C4C968622D}.Release|x64.ActiveCfg = Release|x64
		{CF7B2715-418F-4FAC-B137-81C4C968622D}.Release|x64.Build.0 = Release|x64
		{CF7B2715-418F-4FAC-B137-81C4C968622D}.Release|x86.ActiveCfg = Release|Win32
		{CF7B2715-418F-4FAC-B137-81C4C968622D}.Release|x86.Build.0 = Release|Win32
		{D597E9C6-D1F8-43F4-BBA2-25E1FB563D5C}.Debug|x64.ActiveCfg = Debug|x64
		{D597E9C6-D1F8-43F4-BBA2-25E1FB563D5C}.Debug|x64.Build.0 = Debug|x64
		{D597E9C6-D1F8-43F4-BBA2-25E1FB563D5C}.Debug|x86.ActiveCfg = Debug|Win32
		{D597E9C6-D1F8-43F4-BBA2-25E1FB563D5C}.Debug|x86.Build.0 = Debug|Win32
		{D597E9C6-D1F8-43F4-BBA2-25E1FB563D5C}.Release|x64.ActiveCfg = Release|x64
		{D597E9C6-D1F8-43F4-BBA2-25E1FB563D5C}.Release|x64.Build.0 = Release|x64
		{D597E9C6-D1F8-43F4-BBA2-25E1FB563D5C}.Release|x86.ActiveCfg = Release|Win32
		{D597E9C6-D1F8-43F4-BBA2-25E1FB563D5C}.Release|x86.Build.0 = Release|Win32
		{EE4CC73A-3AC8-4491-9C2B-C1DB8719308C}.Debug|x64.ActiveCfg = Debug|x64
		{EE4CC73A-3AC8-4491-9C2B-C1DB8719308C}.Debug|x64.Build.0 = Debug|x64
		{EE4CC73A-3AC8-4491-9C2B-C1DB8719308C}.Debug|x86.ActiveCfg = Debug|Win32
		{EE4CC73A-3AC8-4491-9C2B-C1DB8719308C}.Debug|x86.Build.0 = Debug|Win32
		{EE4CC73A-3AC8-4491-9C2B-C1DB8719308C}.Release|x64.ActiveCfg = Release|x64
		{EE4CC73A-3AC8-4491-9C2B-C1DB8719308C}.Release|x64.Build.0 = Release|x64
		{EE4CC73A-3AC8-4491-9C2B-C1DB8719308C}.Release|x86.ActiveCfg = Release|Win32
		{EE4CC73A-3AC8-4491-9C2B-C1DB8719308C}.Release|x86.Build.0 = Release|Win32
		{FCD65360-4124-4CE6-A5A5-28BE6EDD26B0}.Debug|x64.ActiveCfg = Debug|x64
		{FCD65360-4124-4CE6-A5A5-28BE6EDD26B0}.Debug|x64.Build.0 = Debug|x64
		{FCD65360-4124-4CE6-A5A5-28BE6EDD26B0}.Debug|x86.ActiveCfg = Debug|Win32
		{FCD65360-4124-4CE6-A5A5-28BE6EDD26B0}.Debug|x86.Build.0 = Debug|Win32
		{FCD65360-4124-4CE6-A5A5-28BE6EDD26B0}.Release|x64.ActiveCfg = Release|x64
		{FCD65360-4124-4CE6-A5A5-28BE6EDD26B0}.Release|x64.Build.0 = Release|x64
		{FCD65360-4124-4CE6-A5A5-28BE6EDD26B0}.Release|x86.ActiveCfg = Release|Win32
		{FCD65360-4124-4CE6-A5A5-28BE6EDD26B0}.Release|x86.Build.0 = Release|Win32
	EndGlobalSection
	GlobalSection(SolutionProperties) = preSolution
		HideSolutionNode = FALSE
	EndGlobalSection
	GlobalSection(ExtensibilityGlobals) = postSolution
		SolutionGuid = {4EBA8418-196A-465F-B32B-670CD281ADFF}
	EndGlobalSection
EndGlobal
